
Microsoft Visual Studio Solution File, Format Version 12.00
# Visual Studio Version 17
VisualStudioVersion = 17.6.33815.320
MinimumVisualStudioVersion = 10.0.40219.1
Project("{FAE04EC0-301F-11D3-BF4B-00C04F79EFBC}") = "CarRentalConsoleApp", "CarRentalConsoleApp\CarRentalConsoleApp.csproj", "{9915A7A2-DB59-4A58-B503-61BA484D0D05}"
EndProject
Global
	GlobalSection(SolutionConfigurationPlatforms) = preSolution
		Debug|Any CPU = Debug|Any CPU
		Release|Any CPU = Release|Any CPU
	EndGlobalSection
	GlobalSection(ProjectConfigurationPlatforms) = postSolution
		{9915A7A2-DB59-4A58-B503-61BA484D0D05}.Debug|Any CPU.ActiveCfg = Debug|Any CPU
		{9915A7A2-DB59-4A58-B503-61BA484D0D05}.Debug|Any CPU.Build.0 = Debug|Any CPU
		{9915A7A2-DB59-4A58-B503-61BA484D0D05}.Release|Any CPU.ActiveCfg = Release|Any CPU
		{9915A7A2-DB59-4A58-B503-61BA484D0D05}.Release|Any CPU.Build.0 = Release|Any CPU
	EndGlobalSection
	GlobalSection(SolutionProperties) = preSolution
		HideSolutionNode = FALSE
	EndGlobalSection
	GlobalSection(ExtensibilityGlobals) = postSolution
		SolutionGuid = {FCDC54C4-AF5B-42BF-AA65-84C50DDED7F5}
	EndGlobalSection
EndGlobal
